{
  "version": 4,
  "terraform_version": "0.12.19",
  "serial": 2,
  "lineage": "2f32c4bb-f935-2c7a-e0e9-e9cb792fe532",
  "outputs": {
    "force_destroy": {
      "value": false,
      "type": "bool"
    },
    "location": {
      "value": "ASIA-SOUTHEAST1",
      "type": "string"
    },
    "name": {
      "value": "terratest-gcp-example",
      "type": "string"
    },
    "project": {
      "value": "tk-dev-micro",
      "type": "string"
    },
    "storage_class": {
      "value": "REGIONAL",
      "type": "string"
    }
  },
  "resources": [
    {
      "module": "module.development",
      "mode": "managed",
      "type": "google_storage_bucket",
      "name": "development",
      "provider": "provider.google",
      "instances": [
        {
          "schema_version": 0,
          "attributes": {
            "bucket_policy_only": false,
            "cors": [],
            "default_event_based_hold": false,
            "encryption": [],
            "force_destroy": false,
            "id": "terratest-gcp-example",
            "labels": null,
            "lifecycle_rule": [],
            "location": "ASIA-SOUTHEAST1",
            "logging": [],
            "name": "terratest-gcp-example",
            "project": "tk-dev-micro",
            "requester_pays": false,
            "retention_policy": [],
            "self_link": "https://www.googleapis.com/storage/v1/b/terratest-gcp-example",
            "storage_class": "REGIONAL",
            "url": "gs://terratest-gcp-example",
            "versioning": [],
            "website": []
          },
          "private": "bnVsbA=="
        }
      ]
    }
  ]
}
